
Microsoft Visual Studio Solution File, Format Version 12.00
# Visual Studio Version 17
VisualStudioVersion = 17.4.33213.308
MinimumVisualStudioVersion = 10.0.40219.1
Project("{9A19103F-16F7-4668-BE54-9A1E7A4F7556}") = "ElGnomo", "ElGnomo\ElGnomo.csproj", "{CEEB7C6C-2F0C-47A2-92C0-13F1323AFC38}"
EndProject
Project("{9A19103F-16F7-4668-BE54-9A1E7A4F7556}") = "ElGnomoModels", "ElGnomoModels\ElGnomoModels.csproj", "{48DE3A63-8E05-48EC-B942-CD81139D6493}"
EndProject
Project("{FAE04EC0-301F-11D3-BF4B-00C04F79EFBC}") = "ElGnomoAPI", "ElGnomoAPI\ElGnomoAPI.csproj", "{45A8EE51-0471-4E93-9C1D-A043A527E6B3}"
EndProject
Global
	GlobalSection(SolutionConfigurationPlatforms) = preSolution
		Debug|Any CPU = Debug|Any CPU
		Release|Any CPU = Release|Any CPU
	EndGlobalSection
	GlobalSection(ProjectConfigurationPlatforms) = postSolution
		{CEEB7C6C-2F0C-47A2-92C0-13F1323AFC38}.Debug|Any CPU.ActiveCfg = Debug|Any CPU
		{CEEB7C6C-2F0C-47A2-92C0-13F1323AFC38}.Debug|Any CPU.Build.0 = Debug|Any CPU
		{CEEB7C6C-2F0C-47A2-92C0-13F1323AFC38}.Release|Any CPU.ActiveCfg = Release|Any CPU
		{CEEB7C6C-2F0C-47A2-92C0-13F1323AFC38}.Release|Any CPU.Build.0 = Release|Any CPU
		{48DE3A63-8E05-48EC-B942-CD81139D6493}.Debug|Any CPU.ActiveCfg = Debug|Any CPU
		{48DE3A63-8E05-48EC-B942-CD81139D6493}.Debug|Any CPU.Build.0 = Debug|Any CPU
		{48DE3A63-8E05-48EC-B942-CD81139D6493}.Release|Any CPU.ActiveCfg = Release|Any CPU
		{48DE3A63-8E05-48EC-B942-CD81139D6493}.Release|Any CPU.Build.0 = Release|Any CPU
		{45A8EE51-0471-4E93-9C1D-A043A527E6B3}.Debug|Any CPU.ActiveCfg = Debug|Any CPU
		{45A8EE51-0471-4E93-9C1D-A043A527E6B3}.Debug|Any CPU.Build.0 = Debug|Any CPU
		{45A8EE51-0471-4E93-9C1D-A043A527E6B3}.Release|Any CPU.ActiveCfg = Release|Any CPU
		{45A8EE51-0471-4E93-9C1D-A043A527E6B3}.Release|Any CPU.Build.0 = Release|Any CPU
	EndGlobalSection
	GlobalSection(SolutionProperties) = preSolution
		HideSolutionNode = FALSE
	EndGlobalSection
	GlobalSection(ExtensibilityGlobals) = postSolution
		SolutionGuid = {20F9EF67-3AE9-4F8E-8FAA-86B4D53D81E9}
	EndGlobalSection
EndGlobal
